{
  "version": 4,
  "terraform_version": "1.2.8",
  "serial": 2,
  "lineage": "582c7ab3-4dbd-edcd-040e-e61545f5d9b2",
  "outputs": {
    "dns_nserver": {
      "value": [
        "ns-1.awsdns-00.com",
        "ns-1032.awsdns-01.org",
        "ns-1918.awsdns-47.co.uk",
        "ns-930.awsdns-52.net"
      ],
      "type": [
        "list",
        "string"
      ]
    },
    "dns_zone": {
      "value": "Z02566911MUMXNV551H23",
      "type": "string"
    }
  },
  "resources": [
    {
      "mode": "managed",
      "type": "aws_route53_zone",
      "name": "dns-domain",
      "provider": "provider[\"registry.terraform.io/hashicorp/aws\"]",
      "instances": [
        {
          "schema_version": 0,
          "attributes": {
            "arn": "arn:aws:route53:::hostedzone/Z02566911MUMXNV551H23",
            "comment": "Managed by Terraform",
            "delegation_set_id": "",
            "force_destroy": false,
            "id": "Z02566911MUMXNV551H23",
            "name": "www.ligeirinho.com",
            "name_servers": [
              "ns-1.awsdns-00.com",
              "ns-1032.awsdns-01.org",
              "ns-1918.awsdns-47.co.uk",
              "ns-930.awsdns-52.net"
            ],
            "tags": null,
            "tags_all": {},
            "vpc": [],
            "zone_id": "Z02566911MUMXNV551H23"
          },
          "sensitive_attributes": [],
          "private": "bnVsbA=="
        }
      ]
    }
  ]
}
